// !$*UTF8*$!
{
	archiveVersion = 1;
	classes = {
	};
	objectVersion = 55;
	objects = {

/* Begin PBXBuildFile section */
		0D87FAFD2783B2F300511E02 /* ApiCallSwiftUIApp.swift in Sources */ = {isa = PBXBuildFile; fileRef = 0D87FAFC2783B2F300511E02 /* ApiCallSwiftUIApp.swift */; };
		0D87FAFF2783B2F300511E02 /* CommentsView.swift in Sources */ = {isa = PBXBuildFile; fileRef = 0D87FAFE2783B2F300511E02 /* CommentsView.swift */; };
		0D87FB012783B2F700511E02 /* Assets.xcassets in Resources */ = {isa = PBXBuildFile; fileRef = 0D87FB002783B2F700511E02 /* Assets.xcassets */; };
		0D87FB042783B2F700511E02 /* Preview Assets.xcassets in Resources */ = {isa = PBXBuildFile; fileRef = 0D87FB032783B2F700511E02 /* Preview Assets.xcassets */; };
		0DAD2DA92793521E0053842A /* NetworkManager.swift in Sources */ = {isa = PBXBuildFile; fileRef = 0DAD2DA82793521E0053842A /* NetworkManager.swift */; };
		0DAD2DB127943D4A0053842A /* DatabaseHandler.swift in Sources */ = {isa = PBXBuildFile; fileRef = 0DAD2DB027943D4A0053842A /* DatabaseHandler.swift */; };
		0DB18C7B27BA6FF900B8729D /* CommentDetailViewController.swift in Sources */ = {isa = PBXBuildFile; fileRef = 0DB18C7927BA6FF900B8729D /* CommentDetailViewController.swift */; };
		0DB18C7C27BA6FF900B8729D /* CommentDetailViewController.xib in Resources */ = {isa = PBXBuildFile; fileRef = 0DB18C7A27BA6FF900B8729D /* CommentDetailViewController.xib */; };
		0DB18C7E27BA701000B8729D /* CommentDetailViewModel.swift in Sources */ = {isa = PBXBuildFile; fileRef = 0DB18C7D27BA701000B8729D /* CommentDetailViewModel.swift */; };
		0DB18C8027BA7E1600B8729D /* ProfileView.swift in Sources */ = {isa = PBXBuildFile; fileRef = 0DB18C7F27BA7E1600B8729D /* ProfileView.swift */; };
		0DB18C8427BB08FE00B8729D /* ProfileViewModel.swift in Sources */ = {isa = PBXBuildFile; fileRef = 0DB18C8327BB08FE00B8729D /* ProfileViewModel.swift */; };
		0DFAA14D2784570500977B0F /* Comments.json in Resources */ = {isa = PBXBuildFile; fileRef = 0DFAA14C2784570500977B0F /* Comments.json */; };
		0DFAA14F27849F1A00977B0F /* CommentModel.swift in Sources */ = {isa = PBXBuildFile; fileRef = 0DFAA14E27849F1A00977B0F /* CommentModel.swift */; };
		0DFAA15127849FBC00977B0F /* CommentViewModel.swift in Sources */ = {isa = PBXBuildFile; fileRef = 0DFAA15027849FBC00977B0F /* CommentViewModel.swift */; };
		0DFAA1532784A02900977B0F /* CommentViewService.swift in Sources */ = {isa = PBXBuildFile; fileRef = 0DFAA1522784A02900977B0F /* CommentViewService.swift */; };
		0DFAA1552784A2C200977B0F /* CommentRow.swift in Sources */ = {isa = PBXBuildFile; fileRef = 0DFAA1542784A2C200977B0F /* CommentRow.swift */; };
		0DFAA1572784A4E500977B0F /* DetailCommentView.swift in Sources */ = {isa = PBXBuildFile; fileRef = 0DFAA1562784A4E500977B0F /* DetailCommentView.swift */; };
/* End PBXBuildFile section */

/* Begin PBXFileReference section */
		0D87FAF92783B2F300511E02 /* ApiCallSwiftUI.app */ = {isa = PBXFileReference; explicitFileType = wrapper.application; includeInIndex = 0; path = ApiCallSwiftUI.app; sourceTree = BUILT_PRODUCTS_DIR; };
		0D87FAFC2783B2F300511E02 /* ApiCallSwiftUIApp.swift */ = {isa = PBXFileReference; lastKnownFileType = sourcecode.swift; path = ApiCallSwiftUIApp.swift; sourceTree = "<group>"; };
		0D87FAFE2783B2F300511E02 /* CommentsView.swift */ = {isa = PBXFileReference; lastKnownFileType = sourcecode.swift; path = CommentsView.swift; sourceTree = "<group>"; };
		0D87FB002783B2F700511E02 /* Assets.xcassets */ = {isa = PBXFileReference; lastKnownFileType = folder.assetcatalog; path = Assets.xcassets; sourceTree = "<group>"; };
		0D87FB032783B2F700511E02 /* Preview Assets.xcassets */ = {isa = PBXFileReference; lastKnownFileType = folder.assetcatalog; path = "Preview Assets.xcassets"; sourceTree = "<group>"; };
		0DAD2DA82793521E0053842A /* NetworkManager.swift */ = {isa = PBXFileReference; lastKnownFileType = sourcecode.swift; path = NetworkManager.swift; sourceTree = "<group>"; };
		0DAD2DB027943D4A0053842A /* DatabaseHandler.swift */ = {isa = PBXFileReference; lastKnownFileType = sourcecode.swift; path = DatabaseHandler.swift; sourceTree = "<group>"; };
		0DB18C7927BA6FF900B8729D /* CommentDetailViewController.swift */ = {isa = PBXFileReference; lastKnownFileType = sourcecode.swift; path = CommentDetailViewController.swift; sourceTree = "<group>"; };
		0DB18C7A27BA6FF900B8729D /* CommentDetailViewController.xib */ = {isa = PBXFileReference; lastKnownFileType = file.xib; path = CommentDetailViewController.xib; sourceTree = "<group>"; };
		0DB18C7D27BA701000B8729D /* CommentDetailViewModel.swift */ = {isa = PBXFileReference; lastKnownFileType = sourcecode.swift; path = CommentDetailViewModel.swift; sourceTree = "<group>"; };
		0DB18C7F27BA7E1600B8729D /* ProfileView.swift */ = {isa = PBXFileReference; lastKnownFileType = sourcecode.swift; path = ProfileView.swift; sourceTree = "<group>"; };
		0DB18C8327BB08FE00B8729D /* ProfileViewModel.swift */ = {isa = PBXFileReference; lastKnownFileType = sourcecode.swift; path = ProfileViewModel.swift; sourceTree = "<group>"; };
		0DFAA14C2784570500977B0F /* Comments.json */ = {isa = PBXFileReference; lastKnownFileType = text.json; path = Comments.json; sourceTree = "<group>"; };
		0DFAA14E27849F1A00977B0F /* CommentModel.swift */ = {isa = PBXFileReference; lastKnownFileType = sourcecode.swift; path = CommentModel.swift; sourceTree = "<group>"; };
		0DFAA15027849FBC00977B0F /* CommentViewModel.swift */ = {isa = PBXFileReference; lastKnownFileType = sourcecode.swift; path = CommentViewModel.swift; sourceTree = "<group>"; };
		0DFAA1522784A02900977B0F /* CommentViewService.swift */ = {isa = PBXFileReference; lastKnownFileType = sourcecode.swift; path = CommentViewService.swift; sourceTree = "<group>"; };
		0DFAA1542784A2C200977B0F /* CommentRow.swift */ = {isa = PBXFileReference; lastKnownFileType = sourcecode.swift; path = CommentRow.swift; sourceTree = "<group>"; };
		0DFAA1562784A4E500977B0F /* DetailCommentView.swift */ = {isa = PBXFileReference; lastKnownFileType = sourcecode.swift; path = DetailCommentView.swift; sourceTree = "<group>"; };
/* End PBXFileReference section */

/* Begin PBXFrameworksBuildPhase section */
		0D87FAF62783B2F300511E02 /* Frameworks */ = {
			isa = PBXFrameworksBuildPhase;
			buildActionMask = 2147483647;
			files = (
			);
			runOnlyForDeploymentPostprocessing = 0;
		};
/* End PBXFrameworksBuildPhase section */

/* Begin PBXGroup section */
		0D87FAF02783B2F200511E02 = {
			isa = PBXGroup;
			children = (
				0D87FAFB2783B2F300511E02 /* ApiCallSwiftUI */,
				0D87FAFA2783B2F300511E02 /* Products */,
			);
			sourceTree = "<group>";
		};
		0D87FAFA2783B2F300511E02 /* Products */ = {
			isa = PBXGroup;
			children = (
				0D87FAF92783B2F300511E02 /* ApiCallSwiftUI.app */,
			);
			name = Products;
			sourceTree = "<group>";
		};
		0D87FAFB2783B2F300511E02 /* ApiCallSwiftUI */ = {
			isa = PBXGroup;
			children = (
				0D87FAFC2783B2F300511E02 /* ApiCallSwiftUIApp.swift */,
				0D87FAFE2783B2F300511E02 /* CommentsView.swift */,
				0D87FB002783B2F700511E02 /* Assets.xcassets */,
				0D87FB022783B2F700511E02 /* Preview Content */,
				0DFAA14C2784570500977B0F /* Comments.json */,
				0DFAA14E27849F1A00977B0F /* CommentModel.swift */,
				0DFAA15027849FBC00977B0F /* CommentViewModel.swift */,
				0DFAA1522784A02900977B0F /* CommentViewService.swift */,
				0DFAA1542784A2C200977B0F /* CommentRow.swift */,
				0DFAA1562784A4E500977B0F /* DetailCommentView.swift */,
				0DAD2DA82793521E0053842A /* NetworkManager.swift */,
				0DAD2DB027943D4A0053842A /* DatabaseHandler.swift */,
				0DB18C7927BA6FF900B8729D /* CommentDetailViewController.swift */,
				0DB18C7F27BA7E1600B8729D /* ProfileView.swift */,
				0DB18C7A27BA6FF900B8729D /* CommentDetailViewController.xib */,
				0DB18C7D27BA701000B8729D /* CommentDetailViewModel.swift */,
				0DB18C8327BB08FE00B8729D /* ProfileViewModel.swift */,
			);
			path = ApiCallSwiftUI;
			sourceTree = "<group>";
		};
		0D87FB022783B2F700511E02 /* Preview Content */ = {
			isa = PBXGroup;
			children = (
				0D87FB032783B2F700511E02 /* Preview Assets.xcassets */,
			);
			path = "Preview Content";
			sourceTree = "<group>";
		};
/* End PBXGroup section */

/* Begin PBXNativeTarget section */
		0D87FAF82783B2F300511E02 /* ApiCallSwiftUI */ = {
			isa = PBXNativeTarget;
			buildConfigurationList = 0D87FB072783B2F700511E02 /* Build configuration list for PBXNativeTarget "ApiCallSwiftUI" */;
			buildPhases = (
				0D87FAF52783B2F300511E02 /* Sources */,
				0D87FAF62783B2F300511E02 /* Frameworks */,
				0D87FAF72783B2F300511E02 /* Resources */,
			);
			buildRules = (
			);
			dependencies = (
			);
			name = ApiCallSwiftUI;
			productName = ApiCallSwiftUI;
			productReference = 0D87FAF92783B2F300511E02 /* ApiCallSwiftUI.app */;
			productType = "com.apple.product-type.application";
		};
/* End PBXNativeTarget section */

/* Begin PBXProject section */
		0D87FAF12783B2F200511E02 /* Project object */ = {
			isa = PBXProject;
			attributes = {
				BuildIndependentTargetsInParallel = 1;
				LastSwiftUpdateCheck = 1320;
				LastUpgradeCheck = 1320;
				TargetAttributes = {
					0D87FAF82783B2F300511E02 = {
						CreatedOnToolsVersion = 13.2.1;
					};
				};
			};
			buildConfigurationList = 0D87FAF42783B2F200511E02 /* Build configuration list for PBXProject "ApiCallSwiftUI" */;
			compatibilityVersion = "Xcode 13.0";
			developmentRegion = en;
			hasScannedForEncodings = 0;
			knownRegions = (
				en,
				Base,
			);
			mainGroup = 0D87FAF02783B2F200511E02;
			productRefGroup = 0D87FAFA2783B2F300511E02 /* Products */;
			projectDirPath = "";
			projectRoot = "";
			targets = (
				0D87FAF82783B2F300511E02 /* ApiCallSwiftUI */,
			);
		};
/* End PBXProject section */

/* Begin PBXResourcesBuildPhase section */
		0D87FAF72783B2F300511E02 /* Resources */ = {
			isa = PBXResourcesBuildPhase;
			buildActionMask = 2147483647;
			files = (
				0D87FB042783B2F700511E02 /* Preview Assets.xcassets in Resources */,
				0D87FB012783B2F700511E02 /* Assets.xcassets in Resources */,
				0DB18C7C27BA6FF900B8729D /* CommentDetailViewController.xib in Resources */,
				0DFAA14D2784570500977B0F /* Comments.json in Resources */,
			);
			runOnlyForDeploymentPostprocessing = 0;
		};
/* End PBXResourcesBuildPhase section */

/* Begin PBXSourcesBuildPhase section */
		0D87FAF52783B2F300511E02 /* Sources */ = {
			isa = PBXSourcesBuildPhase;
			buildActionMask = 2147483647;
			files = (
				0DFAA1572784A4E500977B0F /* DetailCommentView.swift in Sources */,
				0DFAA15127849FBC00977B0F /* CommentViewModel.swift in Sources */,
				0D87FAFF2783B2F300511E02 /* CommentsView.swift in Sources */,
				0DB18C7E27BA701000B8729D /* CommentDetailViewModel.swift in Sources */,
				0DB18C8027BA7E1600B8729D /* ProfileView.swift in Sources */,
				0DAD2DB127943D4A0053842A /* DatabaseHandler.swift in Sources */,
				0DFAA1552784A2C200977B0F /* CommentRow.swift in Sources */,
				0DAD2DA92793521E0053842A /* NetworkManager.swift in Sources */,
				0DFAA14F27849F1A00977B0F /* CommentModel.swift in Sources */,
				0DFAA1532784A02900977B0F /* CommentViewService.swift in Sources */,
				0DB18C8427BB08FE00B8729D /* ProfileViewModel.swift in Sources */,
				0D87FAFD2783B2F300511E02 /* ApiCallSwiftUIApp.swift in Sources */,
				0DB18C7B27BA6FF900B8729D /* CommentDetailViewController.swift in Sources */,
			);
			runOnlyForDeploymentPostprocessing = 0;
		};
/* End PBXSourcesBuildPhase section */

/* Begin XCBuildConfiguration section */
		0D87FB052783B2F700511E02 /* Debug */ = {
			isa = XCBuildConfiguration;
			buildSettings = {
				ALWAYS_SEARCH_USER_PATHS = NO;
				CLANG_ANALYZER_NONNULL = YES;
				CLANG_ANALYZER_NUMBER_OBJECT_CONVERSION = YES_AGGRESSIVE;
				CLANG_CXX_LANGUAGE_STANDARD = "gnu++17";
				CLANG_CXX_LIBRARY = "libc++";
				CLANG_ENABLE_MODULES = YES;
				CLANG_ENABLE_OBJC_ARC = YES;
				CLANG_ENABLE_OBJC_WEAK = YES;
				CLANG_WARN_BLOCK_CAPTURE_AUTORELEASING = YES;
				CLANG_WARN_BOOL_CONVERSION = YES;
				CLANG_WARN_COMMA = YES;
				CLANG_WARN_CONSTANT_CONVERSION = YES;
				CLANG_WARN_DEPRECATED_OBJC_IMPLEMENTATIONS = YES;
				CLANG_WARN_DIRECT_OBJC_ISA_USAGE = YES_ERROR;
				CLANG_WARN_DOCUMENTATION_COMMENTS = YES;
				CLANG_WARN_EMPTY_BODY = YES;
				CLANG_WARN_ENUM_CONVERSION = YES;
				CLANG_WARN_INFINITE_RECURSION = YES;
				CLANG_WARN_INT_CONVERSION = YES;
				CLANG_WARN_NON_LITERAL_NULL_CONVERSION = YES;
				CLANG_WARN_OBJC_IMPLICIT_RETAIN_SELF = YES;
				CLANG_WARN_OBJC_LITERAL_CONVERSION = YES;
				CLANG_WARN_OBJC_ROOT_CLASS = YES_ERROR;
				CLANG_WARN_QUOTED_INCLUDE_IN_FRAMEWORK_HEADER = YES;
				CLANG_WARN_RANGE_LOOP_ANALYSIS = YES;
				CLANG_WARN_STRICT_PROTOTYPES = YES;
				CLANG_WARN_SUSPICIOUS_MOVE = YES;
				CLANG_WARN_UNGUARDED_AVAILABILITY = YES_AGGRESSIVE;
				CLANG_WARN_UNREACHABLE_CODE = YES;
				CLANG_WARN__DUPLICATE_METHOD_MATCH = YES;
				COPY_PHASE_STRIP = NO;
				DEBUG_INFORMATION_FORMAT = dwarf;
				ENABLE_STRICT_OBJC_MSGSEND = YES;
				ENABLE_TESTABILITY = YES;
				GCC_C_LANGUAGE_STANDARD = gnu11;
				GCC_DYNAMIC_NO_PIC = NO;
				GCC_NO_COMMON_BLOCKS = YES;
				GCC_OPTIMIZATION_LEVEL = 0;
				GCC_PREPROCESSOR_DEFINITIONS = (
					"DEBUG=1",
					"$(inherited)",
				);
				GCC_WARN_64_TO_32_BIT_CONVERSION = YES;
				GCC_WARN_ABOUT_RETURN_TYPE = YES_ERROR;
				GCC_WARN_UNDECLARED_SELECTOR = YES;
				GCC_WARN_UNINITIALIZED_AUTOS = YES_AGGRESSIVE;
				GCC_WARN_UNUSED_FUNCTION = YES;
				GCC_WARN_UNUSED_VARIABLE = YES;
				IPHONEOS_DEPLOYMENT_TARGET = 15.2;
				MTL_ENABLE_DEBUG_INFO = INCLUDE_SOURCE;
				MTL_FAST_MATH = YES;
				ONLY_ACTIVE_ARCH = YES;
				SDKROOT = iphoneos;
				SWIFT_ACTIVE_COMPILATION_CONDITIONS = DEBUG;
				SWIFT_OPTIMIZATION_LEVEL = "-Onone";
			};
			name = Debug;
		};
		0D87FB062783B2F700511E02 /* Release */ = {
			isa = XCBuildConfiguration;
			buildSettings = {
				ALWAYS_SEARCH_USER_PATHS = NO;
				CLANG_ANALYZER_NONNULL = YES;
				CLANG_ANALYZER_NUMBER_OBJECT_CONVERSION = YES_AGGRESSIVE;
				CLANG_CXX_LANGUAGE_STANDARD = "gnu++17";
				CLANG_CXX_LIBRARY = "libc++";
				CLANG_ENABLE_MODULES = YES;
				CLANG_ENABLE_OBJC_ARC = YES;
				CLANG_ENABLE_OBJC_WEAK = YES;
				CLANG_WARN_BLOCK_CAPTURE_AUTORELEASING = YES;
				CLANG_WARN_BOOL_CONVERSION = YES;
				CLANG_WARN_COMMA = YES;
				CLANG_WARN_CONSTANT_CONVERSION = YES;
				CLANG_WARN_DEPRECATED_OBJC_IMPLEMENTATIONS = YES;
				CLANG_WARN_DIRECT_OBJC_ISA_USAGE = YES_ERROR;
				CLANG_WARN_DOCUMENTATION_COMMENTS = YES;
				CLANG_WARN_EMPTY_BODY = YES;
				CLANG_WARN_ENUM_CONVERSION = YES;
				CLANG_WARN_INFINITE_RECURSION = YES;
				CLANG_WARN_INT_CONVERSION = YES;
				CLANG_WARN_NON_LITERAL_NULL_CONVERSION = YES;
				CLANG_WARN_OBJC_IMPLICIT_RETAIN_SELF = YES;
				CLANG_WARN_OBJC_LITERAL_CONVERSION = YES;
				CLANG_WARN_OBJC_ROOT_CLASS = YES_ERROR;
				CLANG_WARN_QUOTED_INCLUDE_IN_FRAMEWORK_HEADER = YES;
				CLANG_WARN_RANGE_LOOP_ANALYSIS = YES;
				CLANG_WARN_STRICT_PROTOTYPES = YES;
				CLANG_WARN_SUSPICIOUS_MOVE = YES;
				CLANG_WARN_UNGUARDED_AVAILABILITY = YES_AGGRESSIVE;
				CLANG_WARN_UNREACHABLE_CODE = YES;
				CLANG_WARN__DUPLICATE_METHOD_MATCH = YES;
				COPY_PHASE_STRIP = NO;
				DEBUG_INFORMATION_FORMAT = "dwarf-with-dsym";
				ENABLE_NS_ASSERTIONS = NO;
				ENABLE_STRICT_OBJC_MSGSEND = YES;
				GCC_C_LANGUAGE_STANDARD = gnu11;
				GCC_NO_COMMON_BLOCKS = YES;
				GCC_WARN_64_TO_32_BIT_CONVERSION = YES;
				GCC_WARN_ABOUT_RETURN_TYPE = YES_ERROR;
				GCC_WARN_UNDECLARED_SELECTOR = YES;
				GCC_WARN_UNINITIALIZED_AUTOS = YES_AGGRESSIVE;
				GCC_WARN_UNUSED_FUNCTION = YES;
				GCC_WARN_UNUSED_VARIABLE = YES;
				IPHONEOS_DEPLOYMENT_TARGET = 15.2;
				MTL_ENABLE_DEBUG_INFO = NO;
				MTL_FAST_MATH = YES;
				SDKROOT = iphoneos;
				SWIFT_COMPILATION_MODE = wholemodule;
				SWIFT_OPTIMIZATION_LEVEL = "-O";
				VALIDATE_PRODUCT = YES;
			};
			name = Release;
		};
		0D87FB082783B2F700511E02 /* Debug */ = {
			isa = XCBuildConfiguration;
			buildSettings = {
				ASSETCATALOG_COMPILER_APPICON_NAME = AppIcon;
				ASSETCATALOG_COMPILER_GLOBAL_ACCENT_COLOR_NAME = AccentColor;
				CODE_SIGN_STYLE = Automatic;
				CURRENT_PROJECT_VERSION = 1;
				DEVELOPMENT_ASSET_PATHS = "\"ApiCallSwiftUI/Preview Content\"";
				ENABLE_PREVIEWS = YES;
				GENERATE_INFOPLIST_FILE = YES;
				INFOPLIST_KEY_UIApplicationSceneManifest_Generation = YES;
				INFOPLIST_KEY_UIApplicationSupportsIndirectInputEvents = YES;
				INFOPLIST_KEY_UILaunchScreen_Generation = YES;
				INFOPLIST_KEY_UISupportedInterfaceOrientations_iPad = "UIInterfaceOrientationPortrait UIInterfaceOrientationPortraitUpsideDown UIInterfaceOrientationLandscapeLeft UIInterfaceOrientationLandscapeRight";
				INFOPLIST_KEY_UISupportedInterfaceOrientations_iPhone = "UIInterfaceOrientationPortrait UIInterfaceOrientationLandscapeLeft UIInterfaceOrientationLandscapeRight";
				LD_RUNPATH_SEARCH_PATHS = (
					"$(inherited)",
					"@executable_path/Frameworks",
				);
				MARKETING_VERSION = 1.0;
				PRODUCT_BUNDLE_IDENTIFIER = com.test.ApiCallSwiftUI;
				PRODUCT_NAME = "$(TARGET_NAME)";
				SWIFT_EMIT_LOC_STRINGS = YES;
				SWIFT_VERSION = 5.0;
				TARGETED_DEVICE_FAMILY = "1,2";
			};
			name = Debug;
		};
		0D87FB092783B2F700511E02 /* Release */ = {
			isa = XCBuildConfiguration;
			buildSettings = {
				ASSETCATALOG_COMPILER_APPICON_NAME = AppIcon;
				ASSETCATALOG_COMPILER_GLOBAL_ACCENT_COLOR_NAME = AccentColor;
				CODE_SIGN_STYLE = Automatic;
				CURRENT_PROJECT_VERSION = 1;
				DEVELOPMENT_ASSET_PATHS = "\"ApiCallSwiftUI/Preview Content\"";
				ENABLE_PREVIEWS = YES;
				GENERATE_INFOPLIST_FILE = YES;
				INFOPLIST_KEY_UIApplicationSceneManifest_Generation = YES;
				INFOPLIST_KEY_UIApplicationSupportsIndirectInputEvents = YES;
				INFOPLIST_KEY_UILaunchScreen_Generation = YES;
				INFOPLIST_KEY_UISupportedInterfaceOrientations_iPad = "UIInterfaceOrientationPortrait UIInterfaceOrientationPortraitUpsideDown UIInterfaceOrientationLandscapeLeft UIInterfaceOrientationLandscapeRight";
				INFOPLIST_KEY_UISupportedInterfaceOrientations_iPhone = "UIInterfaceOrientationPortrait UIInterfaceOrientationLandscapeLeft UIInterfaceOrientationLandscapeRight";
				LD_RUNPATH_SEARCH_PATHS = (
					"$(inherited)",
					"@executable_path/Frameworks",
				);
				MARKETING_VERSION = 1.0;
				PRODUCT_BUNDLE_IDENTIFIER = com.test.ApiCallSwiftUI;
				PRODUCT_NAME = "$(TARGET_NAME)";
				SWIFT_EMIT_LOC_STRINGS = YES;
				SWIFT_VERSION = 5.0;
				TARGETED_DEVICE_FAMILY = "1,2";
			};
			name = Release;
		};
/* End XCBuildConfiguration section */

/* Begin XCConfigurationList section */
		0D87FAF42783B2F200511E02 /* Build configuration list for PBXProject "ApiCallSwiftUI" */ = {
			isa = XCConfigurationList;
			buildConfigurations = (
				0D87FB052783B2F700511E02 /* Debug */,
				0D87FB062783B2F700511E02 /* Release */,
			);
			defaultConfigurationIsVisible = 0;
			defaultConfigurationName = Release;
		};
		0D87FB072783B2F700511E02 /* Build configuration list for PBXNativeTarget "ApiCallSwiftUI" */ = {
			isa = XCConfigurationList;
			buildConfigurations = (
				0D87FB082783B2F700511E02 /* Debug */,
				0D87FB092783B2F700511E02 /* Release */,
			);
			defaultConfigurationIsVisible = 0;
			defaultConfigurationName = Release;
		};
/* End XCConfigurationList section */
	};
	rootObject = 0D87FAF12783B2F200511E02 /* Project object */;
}
